
Microsoft Visual Studio Solution File, Format Version 12.00
# Visual Studio Version 17
VisualStudioVersion = 17.7.34009.444
MinimumVisualStudioVersion = 10.0.40219.1
Project("{FAE04EC0-301F-11D3-BF4B-00C04F79EFBC}") = "BulkyWeb", "BulkyWeb\BulkyWeb.csproj", "{BBBACDBB-F683-49C0-8C7D-E6F436BCBF10}"
EndProject
Global
	GlobalSection(SolutionConfigurationPlatforms) = preSolution
		Debug|Any CPU = Debug|Any CPU
		Release|Any CPU = Release|Any CPU
	EndGlobalSection
	GlobalSection(ProjectConfigurationPlatforms) = postSolution
		{BBBACDBB-F683-49C0-8C7D-E6F436BCBF10}.Debug|Any CPU.ActiveCfg = Debug|Any CPU
		{BBBACDBB-F683-49C0-8C7D-E6F436BCBF10}.Debug|Any CPU.Build.0 = Debug|Any CPU
		{BBBACDBB-F683-49C0-8C7D-E6F436BCBF10}.Release|Any CPU.ActiveCfg = Release|Any CPU
		{BBBACDBB-F683-49C0-8C7D-E6F436BCBF10}.Release|Any CPU.Build.0 = Release|Any CPU
	EndGlobalSection
	GlobalSection(SolutionProperties) = preSolution
		HideSolutionNode = FALSE
	EndGlobalSection
	GlobalSection(ExtensibilityGlobals) = postSolution
		SolutionGuid = {4BCD16CD-2FE8-486D-9986-3BB36C278C14}
	EndGlobalSection
EndGlobal
